<?xml version="1.0" encoding="utf-8"?>
<Project ToolsVersion="4.0" xmlns="http://schemas.microsoft.com/developer/msbuild/2003">
  <ItemGroup>
    <Filter Include="Source Files">
      <UniqueIdentifier>{4FC737F1-C7A5-4376-A066-2A32D752A2FF}</UniqueIdentifier>
      <Extensions>cpp;c;cc;cxx;c++;def;odl;idl;hpj;bat;asm;asmx</Extensions>
    </Filter>
    <Filter Include="Header Files">
      <UniqueIdentifier>{93995380-89BD-4b04-88EB-625FBE52EBFB}</UniqueIdentifier>
      <Extensions>h;hh;hpp;hxx;h++;hm;inl;inc;ipp;xsd</Extensions>
    </Filter>
    <Filter Include="Resource Files">
      <UniqueIdentifier>{67DA6AB6-F800-4c08-8B7A-83BB121AAD01}</UniqueIdentifier>
      <Extensions>rc;ico;cur;bmp;dlg;rc2;rct;bin;rgs;gif;jpg;jpeg;jpe;resx;tiff;tif;png;wav;mfcribbon-ms</Extensions>
    </Filter>
    <Filter Include="Source Files\3rdParty">
      <UniqueIdentifier>{dd47e432-c21a-4b33-b60d-e3ff47d075a6}</UniqueIdentifier>
    </Filter>
  </ItemGroup>
  <ItemGroup>
    <ClCompile Include="main.cpp">
      <Filter>Source Files</Filter>
    </ClCompile>
    <ClCompile Include="3rdParty\ImGui\imgui.cpp">
      <Filter>Source Files\3rdParty</Filter>
    </ClCompile>
    <ClCompile Include="3rdParty\ImGui\imgui_demo.cpp">
      <Filter>Source Files\3rdParty</Filter>
    </ClCompile>
    <ClCompile Include="3rdParty\ImGui\imgui_draw.cpp">
      <Filter>Source Files\3rdParty</Filter>
    </ClCompile>
    <ClCompile Include="3rdParty\ImGui\imgui_tables.cpp">
      <Filter>Source Files\3rdParty</Filter>
    </ClCompile>
    <ClCompile Include="3rdParty\ImGui\imgui_widgets.cpp">
      <Filter>Source Files\3rdParty</Filter>
    </ClCompile>
    <ClCompile Include="3rdParty\ImGui\imgui-SFML.cpp">
      <Filter>Source Files\3rdParty</Filter>
    </ClCompile>
    <ClCompile Include="Source\Application.cpp">
      <Filter>Source Files</Filter>
    </ClCompile>
    <ClCompile Include="Source\GraphEditor.cpp">
      <Filter>Source Files</Filter>
    </ClCompile>
    <ClCompile Include="Source\EditPanel.cpp">
      <Filter>Source Files</Filter>
    </ClCompile>
    <ClCompile Include="Source\AlgorithmsPanel.cpp">
      <Filter>Source Files</Filter>
    </ClCompile>
    <ClCompile Include="Source\Graph.cpp">
      <Filter>Source Files</Filter>
    </ClCompile>
    <ClCompile Include="Source\GraphNodeShape.cpp">
      <Filter>Source Files</Filter>
    </ClCompile>
    <ClCompile Include="Source\GraphEdgeShape.cpp">
      <Filter>Source Files</Filter>
    </ClCompile>
    <ClCompile Include="Source\ResourceManager.cpp">
      <Filter>Source Files</Filter>
    </ClCompile>
    <ClCompile Include="Source\GraphAlgorithms.cpp">
      <Filter>Source Files</Filter>
    </ClCompile>
    <ClCompile Include="Source\Utilities.cpp">
      <Filter>Source Files</Filter>
    </ClCompile>
  </ItemGroup>
  <ItemGroup>
    <ClInclude Include="Include\Application.hpp">
      <Filter>Header Files</Filter>
    </ClInclude>
    <ClInclude Include="Include\Graph.hpp">
      <Filter>Header Files</Filter>
    </ClInclude>
    <ClInclude Include="Include\GraphEditor.hpp">
      <Filter>Header Files</Filter>
    </ClInclude>
    <ClInclude Include="Include\EditPanel.hpp">
      <Filter>Header Files</Filter>
    </ClInclude>
    <ClInclude Include="Include\AlgorithmsPanel.hpp">
      <Filter>Header Files</Filter>
    </ClInclude>
    <ClInclude Include="Include\GraphNodeShape.hpp">
      <Filter>Header Files</Filter>
    </ClInclude>
    <ClInclude Include="Include\GraphEdgeShape.hpp">
      <Filter>Header Files</Filter>
    </ClInclude>
    <ClInclude Include="Include\Event.hpp">
      <Filter>Header Files</Filter>
    </ClInclude>
    <ClInclude Include="Include\ResourceManager.hpp">
      <Filter>Header Files</Filter>
    </ClInclude>
    <ClInclude Include="Include\GraphAlgorithms.hpp">
      <Filter>Header Files</Filter>
    </ClInclude>
    <ClInclude Include="Include\Utilities.hpp">
      <Filter>Header Files</Filter>
    </ClInclude>
  </ItemGroup>
</Project>